{
  "nodes": {
    "agenix": {
      "inputs": {
        "darwin": [
          "darwin"
        ],
        "home-manager": [
          "home-manager"
        ],
        "nixpkgs": [
          "nixpkgs"
        ],
        "systems": [
          "systems"
        ]
      },
      "locked": {
        "lastModified": 1762618334,
        "narHash": "sha256-wyT7Pl6tMFbFrs8Lk/TlEs81N6L+VSybPfiIgzU8lbQ=",
        "owner": "ryantm",
        "repo": "agenix",
        "rev": "fcdea223397448d35d9b31f798479227e80183f6",
        "type": "github"
      },
      "original": {
        "owner": "ryantm",
        "repo": "agenix",
        "type": "github"
      }
    },
    "apple-silicon-support": {
      "inputs": {
        "flake-compat": "flake-compat",
        "nixpkgs": [
          "nixpkgs"
        ]
      },
      "locked": {
        "lastModified": 1762706659,
        "narHash": "sha256-i7w+rZ6r03BxhxotAuyXBHpngZNEhf+s0CpDRaz/qCo=",
        "owner": "nix-community",
        "repo": "nixos-apple-silicon",
        "rev": "58083d06711fb6c15bee6cc9468ffc341763bfdc",
        "type": "github"
      },
      "original": {
        "owner": "nix-community",
        "repo": "nixos-apple-silicon",
        "type": "github"
      }
    },
    "caddy-stack": {
      "inputs": {
        "flake-parts": "flake-parts",
        "nixpkgs": [
          "nixpkgs"
        ]
      },
      "locked": {
        "lastModified": 1762845360,
        "narHash": "sha256-qVY70yyKH9e1smMS/b6wCcgVUZV1FLq5PzLWW+MeQmc=",
        "rev": "7ffbc580741bd37be24bb9712c0a343524720732",
        "type": "tarball",
        "url": "https://code.bas.es/api/v1/repos/bas.es/caddy-stack/archive/7ffbc580741bd37be24bb9712c0a343524720732.tar.gz"
      },
      "original": {
        "type": "tarball",
        "url": "https://code.bas.es/bas.es/caddy-stack/archive/main.tar.gz"
      }
    },
    "chaotic": {
      "inputs": {
        "flake-schemas": "flake-schemas",
        "home-manager": "home-manager",
        "jovian": "jovian",
        "nixpkgs": "nixpkgs",
        "rust-overlay": "rust-overlay"
      },
      "locked": {
        "lastModified": 1762966292,
        "narHash": "sha256-WJtAHPDOJRd/ecQJBFyuyqBIbDG0ocdQuBGPBRRsgew=",
        "owner": "chaotic-cx",
        "repo": "nyx",
        "rev": "037d0bb4a6b51609e66fab2221d3bca2d3b5fa3b",
        "type": "github"
      },
      "original": {
        "owner": "chaotic-cx",
        "ref": "nyxpkgs-unstable",
        "repo": "nyx",
        "type": "github"
      }
    },
    "clan-core": {
      "inputs": {
        "data-mesher": "data-mesher",
        "disko": "disko",
        "flake-parts": "flake-parts_2",
        "nix-darwin": "nix-darwin",
        "nix-select": "nix-select",
        "nixos-facter-modules": "nixos-facter-modules",
        "nixpkgs": [
          "nixpkgs"
        ],
        "sops-nix": "sops-nix",
        "systems": "systems",
        "treefmt-nix": "treefmt-nix"
      },
      "locked": {
        "lastModified": 1762992447,
        "narHash": "sha256-ybbvRYiStKDCQq0mFMWkKlcOTbqllAjpWxfhhJHtogQ=",
        "rev": "ebd64704e94859d301d2560abd05e1596d55b2b7",
        "type": "tarball",
        "url": "https://git.clan.lol/api/v1/repos/clan/clan-core/archive/ebd64704e94859d301d2560abd05e1596d55b2b7.tar.gz"
      },
      "original": {
        "type": "tarball",
        "url": "https://git.clan.lol/clan/clan-core/archive/main.tar.gz"
      }
    },
    "darwin": {
      "inputs": {
        "nixpkgs": [
          "nixpkgs"
        ]
      },
      "locked": {
        "lastModified": 1762627886,
        "narHash": "sha256-/QLk1bzmbcqJt9sU43+y/3tHtXhAy0l8Ck0MoO2+evQ=",
        "owner": "lnl7",
        "repo": "nix-darwin",
        "rev": "5125a3cd414dc98bbe2c528227aa6b62ee61f733",
        "type": "github"
      },
      "original": {
        "owner": "lnl7",
        "ref": "master",
        "repo": "nix-darwin",
        "type": "github"
      }
    },
    "data-mesher": {
      "inputs": {
        "flake-parts": [
          "clan-core",
          "flake-parts"
        ],
        "nixpkgs": [
          "clan-core",
          "nixpkgs"
        ],
        "treefmt-nix": [
          "clan-core",
          "treefmt-nix"
        ]
      },
      "locked": {
        "lastModified": 1762942435,
        "narHash": "sha256-zIWGs5FIytTtJN+dhDb8Yx+q4TQI/yczuL539yVcyPE=",
        "rev": "0ee328404b12c65e8106bde9e9fab8abf4ecada4",
        "type": "tarball",
        "url": "https://git.clan.lol/api/v1/repos/clan/data-mesher/archive/0ee328404b12c65e8106bde9e9fab8abf4ecada4.tar.gz"
      },
      "original": {
        "type": "tarball",
        "url": "https://git.clan.lol/clan/data-mesher/archive/main.tar.gz"
      }
    },
    "disko": {
      "inputs": {
        "nixpkgs": [
          "clan-core",
          "nixpkgs"
        ]
      },
      "locked": {
        "lastModified": 1762276996,
        "narHash": "sha256-TtcPgPmp2f0FAnc+DMEw4ardEgv1SGNR3/WFGH0N19M=",
        "owner": "nix-community",
        "repo": "disko",
        "rev": "af087d076d3860760b3323f6b583f4d828c1ac17",
        "type": "github"
      },
      "original": {
        "owner": "nix-community",
        "repo": "disko",
        "type": "github"
      }
    },
    "disko_2": {
      "inputs": {
        "nixpkgs": [
          "nixpkgs"
        ]
      },
      "locked": {
        "lastModified": 1762276996,
        "narHash": "sha256-TtcPgPmp2f0FAnc+DMEw4ardEgv1SGNR3/WFGH0N19M=",
        "owner": "nix-community",
        "repo": "disko",
        "rev": "af087d076d3860760b3323f6b583f4d828c1ac17",
        "type": "github"
      },
      "original": {
        "owner": "nix-community",
        "repo": "disko",
        "type": "github"
      }
    },
    "flake-compat": {
      "locked": {
        "lastModified": 1746162366,
        "narHash": "sha256-5SSSZ/oQkwfcAz/o/6TlejlVGqeK08wyREBQ5qFFPhM=",
        "owner": "nix-community",
        "repo": "flake-compat",
        "rev": "0f158086a2ecdbb138cd0429410e44994f1b7e4b",
        "type": "github"
      },
      "original": {
        "owner": "nix-community",
        "repo": "flake-compat",
        "type": "github"
      }
    },
    "flake-compat_2": {
      "locked": {
        "lastModified": 1761640442,
        "narHash": "sha256-AtrEP6Jmdvrqiv4x2xa5mrtaIp3OEe8uBYCDZDS+hu8=",
        "owner": "nix-community",
        "repo": "flake-compat",
        "rev": "4a56054d8ffc173222d09dad23adf4ba946c8884",
        "type": "github"
      },
      "original": {
        "owner": "nix-community",
        "repo": "flake-compat",
        "type": "github"
      }
    },
    "flake-parts": {
      "inputs": {
        "nixpkgs-lib": "nixpkgs-lib"
      },
      "locked": {
        "lastModified": 1762810396,
        "narHash": "sha256-dxFVgQPG+R72dkhXTtqUm7KpxElw3u6E+YlQ2WaDgt8=",
        "owner": "hercules-ci",
        "repo": "flake-parts",
        "rev": "0bdadb1b265fb4143a75bd1ec7d8c915898a9923",
        "type": "github"
      },
      "original": {
        "owner": "hercules-ci",
        "repo": "flake-parts",
        "type": "github"
      }
    },
    "flake-parts_2": {
      "inputs": {
        "nixpkgs-lib": [
          "clan-core",
          "nixpkgs"
        ]
      },
      "locked": {
        "lastModified": 1762810396,
        "narHash": "sha256-dxFVgQPG+R72dkhXTtqUm7KpxElw3u6E+YlQ2WaDgt8=",
        "owner": "hercules-ci",
        "repo": "flake-parts",
        "rev": "0bdadb1b265fb4143a75bd1ec7d8c915898a9923",
        "type": "github"
      },
      "original": {
        "owner": "hercules-ci",
        "repo": "flake-parts",
        "type": "github"
      }
    },
    "flake-parts_3": {
      "inputs": {
        "nixpkgs-lib": "nixpkgs-lib_2"
      },
      "locked": {
        "lastModified": 1762980239,
        "narHash": "sha256-8oNVE8TrD19ulHinjaqONf9QWCKK+w4url56cdStMpM=",
        "owner": "hercules-ci",
        "repo": "flake-parts",
        "rev": "52a2caecc898d0b46b2b905f058ccc5081f842da",
        "type": "github"
      },
      "original": {
        "owner": "hercules-ci",
        "repo": "flake-parts",
        "type": "github"
      }
    },
    "flake-parts_4": {
      "inputs": {
        "nixpkgs-lib": [
          "mcp-hub",
          "nixpkgs"
        ]
      },
      "locked": {
        "lastModified": 1743550720,
        "narHash": "sha256-hIshGgKZCgWh6AYJpJmRgFdR3WUbkY04o82X05xqQiY=",
        "owner": "hercules-ci",
        "repo": "flake-parts",
        "rev": "c621e8422220273271f52058f618c94e405bb0f5",
        "type": "github"
      },
      "original": {
        "owner": "hercules-ci",
        "repo": "flake-parts",
        "type": "github"
      }
    },
    "flake-schemas": {
      "locked": {
        "lastModified": 1721999734,
        "narHash": "sha256-G5CxYeJVm4lcEtaO87LKzOsVnWeTcHGKbKxNamNWgOw=",
        "rev": "0a5c42297d870156d9c57d8f99e476b738dcd982",
        "revCount": 75,
        "type": "tarball",
        "url": "https://api.flakehub.com/f/pinned/DeterminateSystems/flake-schemas/0.1.5/0190ef2f-61e0-794b-ba14-e82f225e55e6/source.tar.gz"
      },
      "original": {
        "type": "tarball",
        "url": "https://flakehub.com/f/DeterminateSystems/flake-schemas/%3D0.1.5.tar.gz"
      }
    },
    "gitignore": {
      "inputs": {
        "nixpkgs": [
          "pre-commit-hooks",
          "nixpkgs"
        ]
      },
      "locked": {
        "lastModified": 1709087332,
        "narHash": "sha256-HG2cCnktfHsKV0s4XW83gU3F57gaTljL9KNSuG6bnQs=",
        "owner": "hercules-ci",
        "repo": "gitignore.nix",
        "rev": "637db329424fd7e46cf4185293b9cc8c88c95394",
        "type": "github"
      },
      "original": {
        "owner": "hercules-ci",
        "repo": "gitignore.nix",
        "type": "github"
      }
    },
    "hei": {
      "inputs": {
        "nixpkgs": [
          "nixpkgs"
        ],
        "utils": "utils"
      },
      "locked": {
        "lastModified": 1762696775,
        "narHash": "sha256-5os7K3gLRmV6n51jSv/7hauteKd9AlnFRu9ATPSZsWU=",
        "owner": "marcusramberg",
        "repo": "hei",
        "rev": "b54d1db4fdc13aaba87577d551d9dc83bf6e9890",
        "type": "github"
      },
      "original": {
        "owner": "marcusramberg",
        "repo": "hei",
        "type": "github"
      }
    },
    "home-manager": {
      "inputs": {
        "nixpkgs": [
          "chaotic",
          "nixpkgs"
        ]
      },
      "locked": {
        "lastModified": 1762787259,
        "narHash": "sha256-t2U/GLLXHa2+kJkwnFNRVc2fEJ/lUfyZXBE5iKzJdcs=",
        "owner": "nix-community",
        "repo": "home-manager",
        "rev": "37a3d97f2873e0f68711117c34d04b7c7ead8f4e",
        "type": "github"
      },
      "original": {
        "owner": "nix-community",
        "repo": "home-manager",
        "type": "github"
      }
    },
    "home-manager_2": {
      "inputs": {
        "nixpkgs": [
          "nixpkgs"
        ]
      },
      "locked": {
        "lastModified": 1762964643,
        "narHash": "sha256-RYHN8O/Aja59XDji6WSJZPkJpYVUfpSkyH+PEupBJqM=",
        "owner": "nix-community",
        "repo": "home-manager",
        "rev": "827f2a23373a774a8805f84ca5344654c31f354b",
        "type": "github"
      },
      "original": {
        "owner": "nix-community",
        "repo": "home-manager",
        "type": "github"
      }
    },
    "home-manager_3": {
      "inputs": {
        "nixpkgs": [
          "plasma-manager",
          "nixpkgs"
        ]
      },
      "locked": {
        "lastModified": 1756579987,
        "narHash": "sha256-duCce8zGsaMsrqqOmLOsuaV1PVIw/vXWnKuLKZClsGg=",
        "owner": "nix-community",
        "repo": "home-manager",
        "rev": "99a69bdf8a3c6bf038c4121e9c4b6e99706a187a",
        "type": "github"
      },
      "original": {
        "owner": "nix-community",
        "repo": "home-manager",
        "type": "github"
      }
    },
    "jovian": {
      "inputs": {
        "nix-github-actions": "nix-github-actions",
        "nixpkgs": [
          "chaotic",
          "nixpkgs"
        ]
      },
      "locked": {
        "lastModified": 1762856455,
        "narHash": "sha256-x7zgteJWIlbVexL2ubOadUXKlHSjh0RAjLO1KfWdgpU=",
        "owner": "Jovian-Experiments",
        "repo": "Jovian-NixOS",
        "rev": "29a671ae20223d182eaf54b963a735230497c2f9",
        "type": "github"
      },
      "original": {
        "owner": "Jovian-Experiments",
        "repo": "Jovian-NixOS",
        "type": "github"
      }
    },
    "jovian_2": {
      "inputs": {
        "nix-github-actions": "nix-github-actions_2",
        "nixpkgs": [
          "nixpkgs"
        ]
      },
      "locked": {
        "lastModified": 1762951919,
        "narHash": "sha256-ma/xMEGf4J6n/RdZFdxXBJUQhP53HVEPQOC6Dp2TrkQ=",
        "owner": "Jovian-Experiments",
        "repo": "Jovian-NixOS",
        "rev": "3d248f6e8f877218dd2573fef8925ac997889922",
        "type": "github"
      },
      "original": {
        "owner": "Jovian-Experiments",
        "repo": "Jovian-NixOS",
        "type": "github"
      }
    },
    "mcp-hub": {
      "inputs": {
        "flake-parts": "flake-parts_4",
        "nixpkgs": [
          "nixpkgs"
        ]
      },
      "locked": {
        "lastModified": 1755841689,
        "narHash": "sha256-KakvXZf0vjdqzyT+LsAKHEr4GLICGXPmxl1hZ3tI7Yg=",
        "owner": "ravitemer",
        "repo": "mcp-hub",
        "rev": "9c7670a4c341ed3cf738a6242c0fde1cea40bccf",
        "type": "github"
      },
      "original": {
        "owner": "ravitemer",
        "repo": "mcp-hub",
        "type": "github"
      }
    },
    "nix-darwin": {
      "inputs": {
        "nixpkgs": [
          "clan-core",
          "nixpkgs"
        ]
      },
      "locked": {
        "lastModified": 1762627886,
        "narHash": "sha256-/QLk1bzmbcqJt9sU43+y/3tHtXhAy0l8Ck0MoO2+evQ=",
        "owner": "nix-darwin",
        "repo": "nix-darwin",
        "rev": "5125a3cd414dc98bbe2c528227aa6b62ee61f733",
        "type": "github"
      },
      "original": {
        "owner": "nix-darwin",
        "repo": "nix-darwin",
        "type": "github"
      }
    },
    "nix-github-actions": {
      "inputs": {
        "nixpkgs": [
          "chaotic",
          "jovian",
          "nixpkgs"
        ]
      },
      "locked": {
        "lastModified": 1729697500,
        "narHash": "sha256-VFTWrbzDlZyFHHb1AlKRiD/qqCJIripXKiCSFS8fAOY=",
        "owner": "zhaofengli",
        "repo": "nix-github-actions",
        "rev": "e418aeb728b6aa5ca8c5c71974e7159c2df1d8cf",
        "type": "github"
      },
      "original": {
        "owner": "zhaofengli",
        "ref": "matrix-name",
        "repo": "nix-github-actions",
        "type": "github"
      }
    },
    "nix-github-actions_2": {
      "inputs": {
        "nixpkgs": [
          "jovian",
          "nixpkgs"
        ]
      },
      "locked": {
        "lastModified": 1729697500,
        "narHash": "sha256-VFTWrbzDlZyFHHb1AlKRiD/qqCJIripXKiCSFS8fAOY=",
        "owner": "zhaofengli",
        "repo": "nix-github-actions",
        "rev": "e418aeb728b6aa5ca8c5c71974e7159c2df1d8cf",
        "type": "github"
      },
      "original": {
        "owner": "zhaofengli",
        "ref": "matrix-name",
        "repo": "nix-github-actions",
        "type": "github"
      }
    },
    "nix-index-database": {
      "inputs": {
        "nixpkgs": [
          "nixpkgs"
        ]
      },
      "locked": {
        "lastModified": 1762660502,
        "narHash": "sha256-C9F1C31ys0V7mnp4EcDy7L1cLZw/sCTEXqqTtGnvu08=",
        "owner": "Mic92",
        "repo": "nix-index-database",
        "rev": "15c5451c63f4c612874a43846bfe3fa828b03eee",
        "type": "github"
      },
      "original": {
        "owner": "Mic92",
        "repo": "nix-index-database",
        "type": "github"
      }
    },
    "nix-select": {
      "locked": {
        "lastModified": 1755887746,
        "narHash": "sha256-lzWbpHKX0WAn/jJDoCijIDss3rqYIPawe46GDaE6U3g=",
        "rev": "92c2574c5e113281591be01e89bb9ddb31d19156",
        "type": "tarball",
        "url": "https://git.clan.lol/api/v1/repos/clan/nix-select/archive/92c2574c5e113281591be01e89bb9ddb31d19156.tar.gz"
      },
      "original": {
        "type": "tarball",
        "url": "https://git.clan.lol/clan/nix-select/archive/main.tar.gz"
      }
    },
    "nix-std": {
      "locked": {
        "lastModified": 1710870712,
        "narHash": "sha256-e+7MJF2gsgTBuOWv4mCimSP0D9+naeFSw9a7N3yEmv4=",
        "owner": "chessai",
        "repo": "nix-std",
        "rev": "31bbc925750cc9d8f828fe55cee1a2bd985e0c00",
        "type": "github"
      },
      "original": {
        "owner": "chessai",
        "repo": "nix-std",
        "type": "github"
      }
    },
    "nixos-avf": {
      "inputs": {
        "nixpkgs": [
          "nixpkgs"
        ]
      },
      "locked": {
        "lastModified": 1761791238,
        "narHash": "sha256-KAfIkokYx86S62nfIxzPvCtSrNJIIqWNeBCbtLLb/LM=",
        "owner": "nix-community",
        "repo": "nixos-avf",
        "rev": "9142152e9fd1a18e003605465bc5cd060261edc8",
        "type": "github"
      },
      "original": {
        "owner": "nix-community",
        "repo": "nixos-avf",
        "type": "github"
      }
    },
    "nixos-facter-modules": {
      "locked": {
        "lastModified": 1762264948,
        "narHash": "sha256-iaRf6n0KPl9hndnIft3blm1YTAyxSREV1oX0MFZ6Tk4=",
        "owner": "nix-community",
        "repo": "nixos-facter-modules",
        "rev": "fa695bff9ec37fd5bbd7ee3181dbeb5f97f53c96",
        "type": "github"
      },
      "original": {
        "owner": "nix-community",
        "repo": "nixos-facter-modules",
        "type": "github"
      }
    },
    "nixpkgs": {
      "locked": {
        "lastModified": 1762844143,
        "narHash": "sha256-SlybxLZ1/e4T2lb1czEtWVzDCVSTvk9WLwGhmxFmBxI=",
        "owner": "NixOS",
        "repo": "nixpkgs",
        "rev": "9da7f1cf7f8a6e2a7cb3001b048546c92a8258b4",
        "type": "github"
      },
      "original": {
        "owner": "NixOS",
        "ref": "nixos-unstable",
        "repo": "nixpkgs",
        "type": "github"
      }
    },
    "nixpkgs-bump": {
      "locked": {
        "lastModified": 1762643416,
        "narHash": "sha256-Fm+Of5ACcK7pDQWJlfFXd4O8YKWUHe1iJq5aMmGKZqA=",
        "owner": "marcusramberg",
        "repo": "nixpkgs",
        "rev": "2a40420e0468e1442cde730e1cb3edf19cba2f65",
        "type": "github"
      },
      "original": {
        "owner": "marcusramberg",
        "ref": "bump",
        "repo": "nixpkgs",
        "type": "github"
      }
    },
    "nixpkgs-lib": {
      "locked": {
        "lastModified": 1761765539,
        "narHash": "sha256-b0yj6kfvO8ApcSE+QmA6mUfu8IYG6/uU28OFn4PaC8M=",
        "owner": "nix-community",
        "repo": "nixpkgs.lib",
        "rev": "719359f4562934ae99f5443f20aa06c2ffff91fc",
        "type": "github"
      },
      "original": {
        "owner": "nix-community",
        "repo": "nixpkgs.lib",
        "type": "github"
      }
    },
    "nixpkgs-lib_2": {
      "locked": {
        "lastModified": 1761765539,
        "narHash": "sha256-b0yj6kfvO8ApcSE+QmA6mUfu8IYG6/uU28OFn4PaC8M=",
        "owner": "nix-community",
        "repo": "nixpkgs.lib",
        "rev": "719359f4562934ae99f5443f20aa06c2ffff91fc",
        "type": "github"
      },
      "original": {
        "owner": "nix-community",
        "repo": "nixpkgs.lib",
        "type": "github"
      }
    },
    "nixpkgs-small": {
      "locked": {
        "lastModified": 1762970973,
        "narHash": "sha256-MOrvqGrS1aQzRRvpMAxCzZJy9MO8IKiKrLYk2a/7PK0=",
        "owner": "nixos",
        "repo": "nixpkgs",
        "rev": "c92e61274db29937375eb5b8309779f97d4f39f1",
        "type": "github"
      },
      "original": {
        "owner": "nixos",
        "ref": "nixos-unstable-small",
        "repo": "nixpkgs",
        "type": "github"
      }
    },
    "nixpkgs_2": {
      "locked": {
        "lastModified": 1762844143,
        "narHash": "sha256-SlybxLZ1/e4T2lb1czEtWVzDCVSTvk9WLwGhmxFmBxI=",
        "owner": "nixos",
        "repo": "nixpkgs",
        "rev": "9da7f1cf7f8a6e2a7cb3001b048546c92a8258b4",
        "type": "github"
      },
      "original": {
        "owner": "nixos",
        "ref": "nixos-unstable",
        "repo": "nixpkgs",
        "type": "github"
      }
    },
    "plasma-manager": {
      "inputs": {
        "home-manager": "home-manager_3",
        "nixpkgs": [
          "nixpkgs"
        ]
      },
      "locked": {
        "lastModified": 1762784320,
        "narHash": "sha256-odsk96Erywk5hs0dhArF38zb7Oe0q6LZ70gXbxAPKno=",
        "owner": "nix-community",
        "repo": "plasma-manager",
        "rev": "7911a0f8a44c7e8b29d031be3149ee8943144321",
        "type": "github"
      },
      "original": {
        "owner": "nix-community",
        "repo": "plasma-manager",
        "type": "github"
      }
    },
    "pre-commit-hooks": {
      "inputs": {
        "flake-compat": [
          "flake-compat"
        ],
        "gitignore": "gitignore",
        "nixpkgs": [
          "nixpkgs"
        ]
      },
      "locked": {
        "lastModified": 1762868777,
        "narHash": "sha256-QqS72GvguP56oKDNUckWUPNJHjsdeuXh5RyoKz0wJ+E=",
        "owner": "cachix",
        "repo": "git-hooks.nix",
        "rev": "c5c3147730384576196fb5da048a6e45dee10d56",
        "type": "github"
      },
      "original": {
        "owner": "cachix",
        "repo": "git-hooks.nix",
        "type": "github"
      }
    },
    "root": {
      "inputs": {
        "agenix": "agenix",
        "apple-silicon-support": "apple-silicon-support",
        "caddy-stack": "caddy-stack",
        "chaotic": "chaotic",
        "clan-core": "clan-core",
        "darwin": "darwin",
        "disko": "disko_2",
        "flake-compat": "flake-compat_2",
        "flake-parts": "flake-parts_3",
        "hei": "hei",
        "home-manager": "home-manager_2",
        "jovian": "jovian_2",
        "mcp-hub": "mcp-hub",
        "nix-index-database": "nix-index-database",
        "nix-std": "nix-std",
        "nixos-avf": "nixos-avf",
        "nixpkgs": "nixpkgs_2",
        "nixpkgs-bump": "nixpkgs-bump",
        "nixpkgs-small": "nixpkgs-small",
        "plasma-manager": "plasma-manager",
        "pre-commit-hooks": "pre-commit-hooks",
        "systems": "systems_3",
        "tfenv": "tfenv",
        "treefmt-nix": "treefmt-nix_2",
        "unattended-installer": "unattended-installer"
      }
    },
    "rust-overlay": {
      "inputs": {
        "nixpkgs": [
          "chaotic",
          "nixpkgs"
        ]
      },
      "locked": {
        "lastModified": 1762915112,
        "narHash": "sha256-d9j1g8nKmYDHy+/bIOPQTh9IwjRliqaTM0QLHMV92Ic=",
        "owner": "oxalica",
        "repo": "rust-overlay",
        "rev": "aa1e85921cfa04de7b6914982a94621fbec5cc02",
        "type": "github"
      },
      "original": {
        "owner": "oxalica",
        "repo": "rust-overlay",
        "type": "github"
      }
    },
    "sops-nix": {
      "inputs": {
        "nixpkgs": [
          "clan-core",
          "nixpkgs"
        ]
      },
      "locked": {
        "lastModified": 1762812535,
        "narHash": "sha256-A91a+K0Q9wfdPLwL06e/kbHeAWSzPYy2EGdTDsyfb+s=",
        "owner": "Mic92",
        "repo": "sops-nix",
        "rev": "d75e4f89e58fdda39e4809f8c52013caa22483b7",
        "type": "github"
      },
      "original": {
        "owner": "Mic92",
        "repo": "sops-nix",
        "type": "github"
      }
    },
    "systems": {
      "locked": {
        "lastModified": 1681028828,
        "narHash": "sha256-Vy1rq5AaRuLzOxct8nz4T6wlgyUR7zLU309k9mBC768=",
        "owner": "nix-systems",
        "repo": "default",
        "rev": "da67096a3b9bf56a91d16901293e51ba5b49a27e",
        "type": "github"
      },
      "original": {
        "owner": "nix-systems",
        "repo": "default",
        "type": "github"
      }
    },
    "systems_2": {
      "locked": {
        "lastModified": 1681028828,
        "narHash": "sha256-Vy1rq5AaRuLzOxct8nz4T6wlgyUR7zLU309k9mBC768=",
        "owner": "nix-systems",
        "repo": "default",
        "rev": "da67096a3b9bf56a91d16901293e51ba5b49a27e",
        "type": "github"
      },
      "original": {
        "owner": "nix-systems",
        "repo": "default",
        "type": "github"
      }
    },
    "systems_3": {
      "locked": {
        "lastModified": 1681028828,
        "narHash": "sha256-Vy1rq5AaRuLzOxct8nz4T6wlgyUR7zLU309k9mBC768=",
        "owner": "nix-systems",
        "repo": "default",
        "rev": "da67096a3b9bf56a91d16901293e51ba5b49a27e",
        "type": "github"
      },
      "original": {
        "owner": "nix-systems",
        "repo": "default",
        "type": "github"
      }
    },
    "tfenv": {
      "flake": false,
      "locked": {
        "lastModified": 1752237772,
        "narHash": "sha256-wyfjgX774K95HpD96qT7KzHMeqY7JYCvp6gY5eqhlt8=",
        "owner": "tfutils",
        "repo": "tfenv",
        "rev": "c8eb402135bf6fbcd2809f6cdbf7ea1113de6e54",
        "type": "github"
      },
      "original": {
        "owner": "tfutils",
        "repo": "tfenv",
        "type": "github"
      }
    },
    "treefmt-nix": {
      "inputs": {
        "nixpkgs": [
          "clan-core",
          "nixpkgs"
        ]
      },
      "locked": {
        "lastModified": 1762938485,
        "narHash": "sha256-AlEObg0syDl+Spi4LsZIBrjw+snSVU4T8MOeuZJUJjM=",
        "owner": "numtide",
        "repo": "treefmt-nix",
        "rev": "5b4ee75aeefd1e2d5a1cc43cf6ba65eba75e83e4",
        "type": "github"
      },
      "original": {
        "owner": "numtide",
        "repo": "treefmt-nix",
        "type": "github"
      }
    },
    "treefmt-nix_2": {
      "inputs": {
        "nixpkgs": [
          "nixpkgs"
        ]
      },
      "locked": {
        "lastModified": 1762938485,
        "narHash": "sha256-AlEObg0syDl+Spi4LsZIBrjw+snSVU4T8MOeuZJUJjM=",
        "owner": "numtide",
        "repo": "treefmt-nix",
        "rev": "5b4ee75aeefd1e2d5a1cc43cf6ba65eba75e83e4",
        "type": "github"
      },
      "original": {
        "owner": "numtide",
        "repo": "treefmt-nix",
        "type": "github"
      }
    },
    "unattended-installer": {
      "inputs": {
        "disko": [
          "disko"
        ],
        "nixpkgs": [
          "nixpkgs"
        ]
      },
      "locked": {
        "lastModified": 1724352083,
        "narHash": "sha256-GP8YzfLFOFcSSRqGkzG7HGu/hT749saBgRUMSClkqwU=",
        "owner": "chrillefkr",
        "repo": "nixos-unattended-installer",
        "rev": "25936f740d57d43a05adbb0e667deabd641d9ebc",
        "type": "github"
      },
      "original": {
        "owner": "chrillefkr",
        "repo": "nixos-unattended-installer",
        "type": "github"
      }
    },
    "utils": {
      "inputs": {
        "systems": "systems_2"
      },
      "locked": {
        "lastModified": 1731533236,
        "narHash": "sha256-l0KFg5HjrsfsO/JpG+r7fRrqm12kzFHyUHqHCVpMMbI=",
        "owner": "numtide",
        "repo": "flake-utils",
        "rev": "11707dc2f618dd54ca8739b309ec4fc024de578b",
        "type": "github"
      },
      "original": {
        "owner": "numtide",
        "repo": "flake-utils",
        "type": "github"
      }
    }
  },
  "root": "root",
  "version": 7
}
